
Microsoft Visual Studio Solution File, Format Version 12.00
# Visual Studio Version 16
VisualStudioVersion = 16.0.30503.244
MinimumVisualStudioVersion = 10.0.40219.1
Project("{FAE04EC0-301F-11D3-BF4B-00C04F79EFBC}") = "TwentyOneGame", "BlackJack\TwentyOneGame.csproj", "{ED8FFA48-3693-4509-B78A-B5EC6194AD2C}"
EndProject
Global
	GlobalSection(SolutionConfigurationPlatforms) = preSolution
		Debug|Any CPU = Debug|Any CPU
		Release|Any CPU = Release|Any CPU
	EndGlobalSection
	GlobalSection(ProjectConfigurationPlatforms) = postSolution
		{ED8FFA48-3693-4509-B78A-B5EC6194AD2C}.Debug|Any CPU.ActiveCfg = Debug|Any CPU
		{ED8FFA48-3693-4509-B78A-B5EC6194AD2C}.Debug|Any CPU.Build.0 = Debug|Any CPU
		{ED8FFA48-3693-4509-B78A-B5EC6194AD2C}.Release|Any CPU.ActiveCfg = Release|Any CPU
		{ED8FFA48-3693-4509-B78A-B5EC6194AD2C}.Release|Any CPU.Build.0 = Release|Any CPU
	EndGlobalSection
	GlobalSection(SolutionProperties) = preSolution
		HideSolutionNode = FALSE
	EndGlobalSection
	GlobalSection(ExtensibilityGlobals) = postSolution
		SolutionGuid = {58CC9C47-02B7-4FAA-804B-CDB1786A88CB}
	EndGlobalSection
EndGlobal
